{
  "nodes": {
    "nixCats": {
      "locked": {
        "lastModified": 1740837766,
        "narHash": "sha256-LKeBL3gjm+Fg2yVDKqB2gIiVnccv4TSUtt5NmQcasrk=",
        "owner": "BirdeeHub",
        "repo": "nixCats-nvim",
        "rev": "83264cfaf7d7438c52db28a95934d87ae45faaae",
        "type": "github"
      },
      "original": {
        "owner": "BirdeeHub",
        "repo": "nixCats-nvim",
        "type": "github"
      }
    },
    "nixpkgs": {
      "locked": {
        "lastModified": 1740762151,
        "narHash": "sha256-Rn0j0gP6po1m46RsW/4jrn7938TZGR+wRZ0+MSZThBg=",
        "owner": "nixos",
        "repo": "nixpkgs",
        "rev": "5954d3359cc7178623da6c7fd23dc7f7504d7187",
        "type": "github"
      },
      "original": {
        "owner": "nixos",
        "ref": "nixpkgs-unstable",
        "repo": "nixpkgs",
        "type": "github"
      }
    },
    "root": {
      "inputs": {
        "nixCats": "nixCats",
        "nixpkgs": "nixpkgs"
      }
    }
  },
  "root": "root",
  "version": 7
}
