{
  "nodes": {
    "nixpkgs": {
      "locked": {
        "lastModified": 1777063104,
        "narHash": "sha256-HAKtZT9em87KGtbDICCA3fBCjGe8v18GTTInsJq3kvw=",
        "owner": "cpark97",
        "repo": "nixpkgs",
        "rev": "1ca77140de9110ffcef6970e56138c040854385b",
        "type": "github"
      },
      "original": {
        "owner": "cpark97",
        "ref": "nixos-unstable",
        "repo": "nixpkgs",
        "type": "github"
      }
    },
    "root": {
      "inputs": {
        "nixpkgs": "nixpkgs"
      }
    }
  },
  "root": "root",
  "version": 7
}
