{
  "nodes": {
    "nixpkgs": {
      "locked": {
        "lastModified": 1784062296,
        "narHash": "sha256-xyquJuxnHLs26C0/oFc9JSNWgLAQ06Uy+A+IoU4HG4E=",
        "owner": "cpark97",
        "repo": "nixpkgs",
        "rev": "6bf71826cded2f3538353baa2162553322e0d00b",
        "type": "github"
      },
      "original": {
        "owner": "cpark97",
        "ref": "nixos-unstable",
        "repo": "nixpkgs",
        "type": "github"
      }
    },
    "root": {
      "inputs": {
        "nixpkgs": "nixpkgs"
      }
    }
  },
  "root": "root",
  "version": 7
}
